
Microsoft Visual Studio Solution File, Format Version 12.00
# Visual Studio 14
VisualStudioVersion = 14.0.25123.0
MinimumVisualStudioVersion = 10.0.40219.1
Project("{FAE04EC0-301F-11D3-BF4B-00C04F79EFBC}") = "01.TheaThePhotographer", "01.TheaThePhotographer\01.TheaThePhotographer.csproj", "{FA5DC059-5500-413C-85DD-D57BF209FA75}"
EndProject
Project("{FAE04EC0-301F-11D3-BF4B-00C04F79EFBC}") = "02.TrophonTheGrumpyCat", "02.TrophonTheGrumpyCat\02.TrophonTheGrumpyCat.csproj", "{D8EABCE2-9AE8-4B08-80E3-8F29825F8387}"
EndProject
Project("{FAE04EC0-301F-11D3-BF4B-00C04F79EFBC}") = "03.Portal", "03.Portal\03.Portal.csproj", "{1B37E56E-F5F9-4296-8092-FDB7E5CBBF4B}"
EndProject
Project("{FAE04EC0-301F-11D3-BF4B-00C04F79EFBC}") = "04.Files", "04.Files\04.Files.csproj", "{59BE45BD-B520-4851-93CA-B070B6582A5B}"
EndProject
Global
	GlobalSection(SolutionConfigurationPlatforms) = preSolution
		Debug|Any CPU = Debug|Any CPU
		Release|Any CPU = Release|Any CPU
	EndGlobalSection
	GlobalSection(ProjectConfigurationPlatforms) = postSolution
		{FA5DC059-5500-413C-85DD-D57BF209FA75}.Debug|Any CPU.ActiveCfg = Debug|Any CPU
		{FA5DC059-5500-413C-85DD-D57BF209FA75}.Debug|Any CPU.Build.0 = Debug|Any CPU
		{FA5DC059-5500-413C-85DD-D57BF209FA75}.Release|Any CPU.ActiveCfg = Release|Any CPU
		{FA5DC059-5500-413C-85DD-D57BF209FA75}.Release|Any CPU.Build.0 = Release|Any CPU
		{D8EABCE2-9AE8-4B08-80E3-8F29825F8387}.Debug|Any CPU.ActiveCfg = Debug|Any CPU
		{D8EABCE2-9AE8-4B08-80E3-8F29825F8387}.Debug|Any CPU.Build.0 = Debug|Any CPU
		{D8EABCE2-9AE8-4B08-80E3-8F29825F8387}.Release|Any CPU.ActiveCfg = Release|Any CPU
		{D8EABCE2-9AE8-4B08-80E3-8F29825F8387}.Release|Any CPU.Build.0 = Release|Any CPU
		{1B37E56E-F5F9-4296-8092-FDB7E5CBBF4B}.Debug|Any CPU.ActiveCfg = Debug|Any CPU
		{1B37E56E-F5F9-4296-8092-FDB7E5CBBF4B}.Debug|Any CPU.Build.0 = Debug|Any CPU
		{1B37E56E-F5F9-4296-8092-FDB7E5CBBF4B}.Release|Any CPU.ActiveCfg = Release|Any CPU
		{1B37E56E-F5F9-4296-8092-FDB7E5CBBF4B}.Release|Any CPU.Build.0 = Release|Any CPU
		{59BE45BD-B520-4851-93CA-B070B6582A5B}.Debug|Any CPU.ActiveCfg = Debug|Any CPU
		{59BE45BD-B520-4851-93CA-B070B6582A5B}.Debug|Any CPU.Build.0 = Debug|Any CPU
		{59BE45BD-B520-4851-93CA-B070B6582A5B}.Release|Any CPU.ActiveCfg = Release|Any CPU
		{59BE45BD-B520-4851-93CA-B070B6582A5B}.Release|Any CPU.Build.0 = Release|Any CPU
	EndGlobalSection
	GlobalSection(SolutionProperties) = preSolution
		HideSolutionNode = FALSE
	EndGlobalSection
EndGlobal
